{
  "requires": true,
  "lockfileVersion": 1,
  "dependencies": {
    "vazir-font": {
      "version": "23.0.0",
      "resolved": "https://registry.npmjs.org/vazir-font/-/vazir-font-23.0.0.tgz",
      "integrity": "sha512-VtXvOQyIQXyt0oVGc8gfQ8zMHOeW5Uv2X9hGWVROZTZ8O7Lr5WXzmZxUBHsuQfayXw1etPB/aDVBoOTuivk04w=="
    }
  }
}
